// !$*UTF8*$!
{
	archiveVersion = 1;
	classes = {
	};
	objectVersion = 48;
	objects = {

/* Begin PBXBuildFile section */
		E29EFE691FFFBB1B00BA0E2D /* Item.swift in Sources */ = {isa = PBXBuildFile; fileRef = E29EFE681FFFBB1B00BA0E2D /* Item.swift */; };
		E2E771671FFBA0EF00CE9737 /* AppDelegate.swift in Sources */ = {isa = PBXBuildFile; fileRef = E2E771661FFBA0EF00CE9737 /* AppDelegate.swift */; };
		E2E771691FFBA0EF00CE9737 /* ToDoListViewController.swift in Sources */ = {isa = PBXBuildFile; fileRef = E2E771681FFBA0EF00CE9737 /* ToDoListViewController.swift */; };
		E2E7716C1FFBA0EF00CE9737 /* Main.storyboard in Resources */ = {isa = PBXBuildFile; fileRef = E2E7716A1FFBA0EF00CE9737 /* Main.storyboard */; };
		E2E7716E1FFBA0EF00CE9737 /* Assets.xcassets in Resources */ = {isa = PBXBuildFile; fileRef = E2E7716D1FFBA0EF00CE9737 /* Assets.xcassets */; };
		E2E771711FFBA0EF00CE9737 /* LaunchScreen.storyboard in Resources */ = {isa = PBXBuildFile; fileRef = E2E7716F1FFBA0EF00CE9737 /* LaunchScreen.storyboard */; };
/* End PBXBuildFile section */

/* Begin PBXFileReference section */
		E29EFE681FFFBB1B00BA0E2D /* Item.swift */ = {isa = PBXFileReference; lastKnownFileType = sourcecode.swift; path = Item.swift; sourceTree = "<group>"; };
		E2E771631FFBA0EF00CE9737 /* Todoey.app */ = {isa = PBXFileReference; explicitFileType = wrapper.application; includeInIndex = 0; path = Todoey.app; sourceTree = BUILT_PRODUCTS_DIR; };
		E2E771661FFBA0EF00CE9737 /* AppDelegate.swift */ = {isa = PBXFileReference; lastKnownFileType = sourcecode.swift; path = AppDelegate.swift; sourceTree = "<group>"; };
		E2E771681FFBA0EF00CE9737 /* ToDoListViewController.swift */ = {isa = PBXFileReference; lastKnownFileType = sourcecode.swift; path = ToDoListViewController.swift; sourceTree = "<group>"; };
		E2E7716B1FFBA0EF00CE9737 /* Base */ = {isa = PBXFileReference; lastKnownFileType = file.storyboard; name = Base; path = Base.lproj/Main.storyboard; sourceTree = "<group>"; };
		E2E7716D1FFBA0EF00CE9737 /* Assets.xcassets */ = {isa = PBXFileReference; lastKnownFileType = folder.assetcatalog; path = Assets.xcassets; sourceTree = "<group>"; };
		E2E771701FFBA0EF00CE9737 /* Base */ = {isa = PBXFileReference; lastKnownFileType = file.storyboard; name = Base; path = Base.lproj/LaunchScreen.storyboard; sourceTree = "<group>"; };
		E2E771721FFBA0EF00CE9737 /* Info.plist */ = {isa = PBXFileReference; lastKnownFileType = text.plist.xml; path = Info.plist; sourceTree = "<group>"; };
/* End PBXFileReference section */

/* Begin PBXFrameworksBuildPhase section */
		E2E771601FFBA0EF00CE9737 /* Frameworks */ = {
			isa = PBXFrameworksBuildPhase;
			buildActionMask = 2147483647;
			files = (
			);
			runOnlyForDeploymentPostprocessing = 0;
		};
/* End PBXFrameworksBuildPhase section */

/* Begin PBXGroup section */
		E29EFE6A1FFFBB2600BA0E2D /* Model */ = {
			isa = PBXGroup;
			children = (
				E29EFE681FFFBB1B00BA0E2D /* Item.swift */,
			);
			path = Model;
			sourceTree = "<group>";
		};
		E29EFE6B1FFFBB5900BA0E2D /* Controllers */ = {
			isa = PBXGroup;
			children = (
				E2E771681FFBA0EF00CE9737 /* ToDoListViewController.swift */,
			);
			path = Controllers;
			sourceTree = "<group>";
		};
		E29EFE6C1FFFBB6700BA0E2D /* Views */ = {
			isa = PBXGroup;
			children = (
				E2E7716A1FFBA0EF00CE9737 /* Main.storyboard */,
			);
			path = Views;
			sourceTree = "<group>";
		};
		E29EFE6D1FFFBC2900BA0E2D /* Supporting Files */ = {
			isa = PBXGroup;
			children = (
				E2E7716D1FFBA0EF00CE9737 /* Assets.xcassets */,
				E2E7716F1FFBA0EF00CE9737 /* LaunchScreen.storyboard */,
			);
			path = "Supporting Files";
			sourceTree = "<group>";
		};
		E2E7715A1FFBA0EF00CE9737 = {
			isa = PBXGroup;
			children = (
				E2E771651FFBA0EF00CE9737 /* Todoey */,
				E2E771641FFBA0EF00CE9737 /* Products */,
			);
			sourceTree = "<group>";
		};
		E2E771641FFBA0EF00CE9737 /* Products */ = {
			isa = PBXGroup;
			children = (
				E2E771631FFBA0EF00CE9737 /* Todoey.app */,
			);
			name = Products;
			sourceTree = "<group>";
		};
		E2E771651FFBA0EF00CE9737 /* Todoey */ = {
			isa = PBXGroup;
			children = (
				E2E771661FFBA0EF00CE9737 /* AppDelegate.swift */,
				E29EFE6B1FFFBB5900BA0E2D /* Controllers */,
				E29EFE6A1FFFBB2600BA0E2D /* Model */,
				E29EFE6C1FFFBB6700BA0E2D /* Views */,
				E29EFE6D1FFFBC2900BA0E2D /* Supporting Files */,
				E2E771721FFBA0EF00CE9737 /* Info.plist */,
			);
			path = Todoey;
			sourceTree = "<group>";
		};
/* End PBXGroup section */

/* Begin PBXNativeTarget section */
		E2E771621FFBA0EF00CE9737 /* Todoey */ = {
			isa = PBXNativeTarget;
			buildConfigurationList = E2E771751FFBA0EF00CE9737 /* Build configuration list for PBXNativeTarget "Todoey" */;
			buildPhases = (
				E2E7715F1FFBA0EF00CE9737 /* Sources */,
				E2E771601FFBA0EF00CE9737 /* Frameworks */,
				E2E771611FFBA0EF00CE9737 /* Resources */,
			);
			buildRules = (
			);
			dependencies = (
			);
			name = Todoey;
			productName = Todoey;
			productReference = E2E771631FFBA0EF00CE9737 /* Todoey.app */;
			productType = "com.apple.product-type.application";
		};
/* End PBXNativeTarget section */

/* Begin PBXProject section */
		E2E7715B1FFBA0EF00CE9737 /* Project object */ = {
			isa = PBXProject;
			attributes = {
				LastSwiftUpdateCheck = 0920;
				LastUpgradeCheck = 0920;
				ORGANIZATIONNAME = "Riste Lazoroski";
				TargetAttributes = {
					E2E771621FFBA0EF00CE9737 = {
						CreatedOnToolsVersion = 9.2;
						ProvisioningStyle = Automatic;
					};
				};
			};
			buildConfigurationList = E2E7715E1FFBA0EF00CE9737 /* Build configuration list for PBXProject "Todoey" */;
			compatibilityVersion = "Xcode 8.0";
			developmentRegion = en;
			hasScannedForEncodings = 0;
			knownRegions = (
				en,
				Base,
			);
			mainGroup = E2E7715A1FFBA0EF00CE9737;
			productRefGroup = E2E771641FFBA0EF00CE9737 /* Products */;
			projectDirPath = "";
			projectRoot = "";
			targets = (
				E2E771621FFBA0EF00CE9737 /* Todoey */,
			);
		};
/* End PBXProject section */

/* Begin PBXResourcesBuildPhase section */
		E2E771611FFBA0EF00CE9737 /* Resources */ = {
			isa = PBXResourcesBuildPhase;
			buildActionMask = 2147483647;
			files = (
				E2E771711FFBA0EF00CE9737 /* LaunchScreen.storyboard in Resources */,
				E2E7716E1FFBA0EF00CE9737 /* Assets.xcassets in Resources */,
				E2E7716C1FFBA0EF00CE9737 /* Main.storyboard in Resources */,
			);
			runOnlyForDeploymentPostprocessing = 0;
		};
/* End PBXResourcesBuildPhase section */

/* Begin PBXSourcesBuildPhase section */
		E2E7715F1FFBA0EF00CE9737 /* Sources */ = {
			isa = PBXSourcesBuildPhase;
			buildActionMask = 2147483647;
			files = (
				E2E771691FFBA0EF00CE9737 /* ToDoListViewController.swift in Sources */,
				E29EFE691FFFBB1B00BA0E2D /* Item.swift in Sources */,
				E2E771671FFBA0EF00CE9737 /* AppDelegate.swift in Sources */,
			);
			runOnlyForDeploymentPostprocessing = 0;
		};
/* End PBXSourcesBuildPhase section */

/* Begin PBXVariantGroup section */
		E2E7716A1FFBA0EF00CE9737 /* Main.storyboard */ = {
			isa = PBXVariantGroup;
			children = (
				E2E7716B1FFBA0EF00CE9737 /* Base */,
			);
			name = Main.storyboard;
			sourceTree = "<group>";
		};
		E2E7716F1FFBA0EF00CE9737 /* LaunchScreen.storyboard */ = {
			isa = PBXVariantGroup;
			children = (
				E2E771701FFBA0EF00CE9737 /* Base */,
			);
			name = LaunchScreen.storyboard;
			sourceTree = "<group>";
		};
/* End PBXVariantGroup section */

/* Begin XCBuildConfiguration section */
		E2E771731FFBA0EF00CE9737 /* Debug */ = {
			isa = XCBuildConfiguration;
			buildSettings = {
				ALWAYS_SEARCH_USER_PATHS = NO;
				CLANG_ANALYZER_NONNULL = YES;
				CLANG_ANALYZER_NUMBER_OBJECT_CONVERSION = YES_AGGRESSIVE;
				CLANG_CXX_LANGUAGE_STANDARD = "gnu++14";
				CLANG_CXX_LIBRARY = "libc++";
				CLANG_ENABLE_MODULES = YES;
				CLANG_ENABLE_OBJC_ARC = YES;
				CLANG_WARN_BLOCK_CAPTURE_AUTORELEASING = YES;
				CLANG_WARN_BOOL_CONVERSION = YES;
				CLANG_WARN_COMMA = YES;
				CLANG_WARN_CONSTANT_CONVERSION = YES;
				CLANG_WARN_DIRECT_OBJC_ISA_USAGE = YES_ERROR;
				CLANG_WARN_DOCUMENTATION_COMMENTS = YES;
				CLANG_WARN_EMPTY_BODY = YES;
				CLANG_WARN_ENUM_CONVERSION = YES;
				CLANG_WARN_INFINITE_RECURSION = YES;
				CLANG_WARN_INT_CONVERSION = YES;
				CLANG_WARN_NON_LITERAL_NULL_CONVERSION = YES;
				CLANG_WARN_OBJC_LITERAL_CONVERSION = YES;
				CLANG_WARN_OBJC_ROOT_CLASS = YES_ERROR;
				CLANG_WARN_RANGE_LOOP_ANALYSIS = YES;
				CLANG_WARN_STRICT_PROTOTYPES = YES;
				CLANG_WARN_SUSPICIOUS_MOVE = YES;
				CLANG_WARN_UNGUARDED_AVAILABILITY = YES_AGGRESSIVE;
				CLANG_WARN_UNREACHABLE_CODE = YES;
				CLANG_WARN__DUPLICATE_METHOD_MATCH = YES;
				CODE_SIGN_IDENTITY = "iPhone Developer";
				COPY_PHASE_STRIP = NO;
				DEBUG_INFORMATION_FORMAT = dwarf;
				ENABLE_STRICT_OBJC_MSGSEND = YES;
				ENABLE_TESTABILITY = YES;
				GCC_C_LANGUAGE_STANDARD = gnu11;
				GCC_DYNAMIC_NO_PIC = NO;
				GCC_NO_COMMON_BLOCKS = YES;
				GCC_OPTIMIZATION_LEVEL = 0;
				GCC_PREPROCESSOR_DEFINITIONS = (
					"DEBUG=1",
					"$(inherited)",
				);
				GCC_WARN_64_TO_32_BIT_CONVERSION = YES;
				GCC_WARN_ABOUT_RETURN_TYPE = YES_ERROR;
				GCC_WARN_UNDECLARED_SELECTOR = YES;
				GCC_WARN_UNINITIALIZED_AUTOS = YES_AGGRESSIVE;
				GCC_WARN_UNUSED_FUNCTION = YES;
				GCC_WARN_UNUSED_VARIABLE = YES;
				IPHONEOS_DEPLOYMENT_TARGET = 11.2;
				MTL_ENABLE_DEBUG_INFO = YES;
				ONLY_ACTIVE_ARCH = YES;
				SDKROOT = iphoneos;
				SWIFT_ACTIVE_COMPILATION_CONDITIONS = DEBUG;
				SWIFT_OPTIMIZATION_LEVEL = "-Onone";
			};
			name = Debug;
		};
		E2E771741FFBA0EF00CE9737 /* Release */ = {
			isa = XCBuildConfiguration;
			buildSettings = {
				ALWAYS_SEARCH_USER_PATHS = NO;
				CLANG_ANALYZER_NONNULL = YES;
				CLANG_ANALYZER_NUMBER_OBJECT_CONVERSION = YES_AGGRESSIVE;
				CLANG_CXX_LANGUAGE_STANDARD = "gnu++14";
				CLANG_CXX_LIBRARY = "libc++";
				CLANG_ENABLE_MODULES = YES;
				CLANG_ENABLE_OBJC_ARC = YES;
				CLANG_WARN_BLOCK_CAPTURE_AUTORELEASING = YES;
				CLANG_WARN_BOOL_CONVERSION = YES;
				CLANG_WARN_COMMA = YES;
				CLANG_WARN_CONSTANT_CONVERSION = YES;
				CLANG_WARN_DIRECT_OBJC_ISA_USAGE = YES_ERROR;
				CLANG_WARN_DOCUMENTATION_COMMENTS = YES;
				CLANG_WARN_EMPTY_BODY = YES;
				CLANG_WARN_ENUM_CONVERSION = YES;
				CLANG_WARN_INFINITE_RECURSION = YES;
				CLANG_WARN_INT_CONVERSION = YES;
				CLANG_WARN_NON_LITERAL_NULL_CONVERSION = YES;
				CLANG_WARN_OBJC_LITERAL_CONVERSION = YES;
				CLANG_WARN_OBJC_ROOT_CLASS = YES_ERROR;
				CLANG_WARN_RANGE_LOOP_ANALYSIS = YES;
				CLANG_WARN_STRICT_PROTOTYPES = YES;
				CLANG_WARN_SUSPICIOUS_MOVE = YES;
				CLANG_WARN_UNGUARDED_AVAILABILITY = YES_AGGRESSIVE;
				CLANG_WARN_UNREACHABLE_CODE = YES;
				CLANG_WARN__DUPLICATE_METHOD_MATCH = YES;
				CODE_SIGN_IDENTITY = "iPhone Developer";
				COPY_PHASE_STRIP = NO;
				DEBUG_INFORMATION_FORMAT = "dwarf-with-dsym";
				ENABLE_NS_ASSERTIONS = NO;
				ENABLE_STRICT_OBJC_MSGSEND = YES;
				GCC_C_LANGUAGE_STANDARD = gnu11;
				GCC_NO_COMMON_BLOCKS = YES;
				GCC_WARN_64_TO_32_BIT_CONVERSION = YES;
				GCC_WARN_ABOUT_RETURN_TYPE = YES_ERROR;
				GCC_WARN_UNDECLARED_SELECTOR = YES;
				GCC_WARN_UNINITIALIZED_AUTOS = YES_AGGRESSIVE;
				GCC_WARN_UNUSED_FUNCTION = YES;
				GCC_WARN_UNUSED_VARIABLE = YES;
				IPHONEOS_DEPLOYMENT_TARGET = 11.2;
				MTL_ENABLE_DEBUG_INFO = NO;
				SDKROOT = iphoneos;
				SWIFT_OPTIMIZATION_LEVEL = "-Owholemodule";
				VALIDATE_PRODUCT = YES;
			};
			name = Release;
		};
		E2E771761FFBA0EF00CE9737 /* Debug */ = {
			isa = XCBuildConfiguration;
			buildSettings = {
				ASSETCATALOG_COMPILER_APPICON_NAME = AppIcon;
				CODE_SIGN_STYLE = Automatic;
				DEVELOPMENT_TEAM = YV2U5ZNJ7D;
				INFOPLIST_FILE = Todoey/Info.plist;
				LD_RUNPATH_SEARCH_PATHS = "$(inherited) @executable_path/Frameworks";
				PRODUCT_BUNDLE_IDENTIFIER = riste.Todoey;
				PRODUCT_NAME = "$(TARGET_NAME)";
				SWIFT_VERSION = 4.0;
				TARGETED_DEVICE_FAMILY = "1,2";
			};
			name = Debug;
		};
		E2E771771FFBA0EF00CE9737 /* Release */ = {
			isa = XCBuildConfiguration;
			buildSettings = {
				ASSETCATALOG_COMPILER_APPICON_NAME = AppIcon;
				CODE_SIGN_STYLE = Automatic;
				DEVELOPMENT_TEAM = YV2U5ZNJ7D;
				INFOPLIST_FILE = Todoey/Info.plist;
				LD_RUNPATH_SEARCH_PATHS = "$(inherited) @executable_path/Frameworks";
				PRODUCT_BUNDLE_IDENTIFIER = riste.Todoey;
				PRODUCT_NAME = "$(TARGET_NAME)";
				SWIFT_VERSION = 4.0;
				TARGETED_DEVICE_FAMILY = "1,2";
			};
			name = Release;
		};
/* End XCBuildConfiguration section */

/* Begin XCConfigurationList section */
		E2E7715E1FFBA0EF00CE9737 /* Build configuration list for PBXProject "Todoey" */ = {
			isa = XCConfigurationList;
			buildConfigurations = (
				E2E771731FFBA0EF00CE9737 /* Debug */,
				E2E771741FFBA0EF00CE9737 /* Release */,
			);
			defaultConfigurationIsVisible = 0;
			defaultConfigurationName = Release;
		};
		E2E771751FFBA0EF00CE9737 /* Build configuration list for PBXNativeTarget "Todoey" */ = {
			isa = XCConfigurationList;
			buildConfigurations = (
				E2E771761FFBA0EF00CE9737 /* Debug */,
				E2E771771FFBA0EF00CE9737 /* Release */,
			);
			defaultConfigurationIsVisible = 0;
			defaultConfigurationName = Release;
		};
/* End XCConfigurationList section */
	};
	rootObject = E2E7715B1FFBA0EF00CE9737 /* Project object */;
}
